// !$*UTF8*$!
{
	archiveVersion = 1;
	classes = {
	};
	objectVersion = 50;
	objects = {

/* Begin PBXBuildFile section */
		7A4716CC2445520E0030E246 /* AppDelegate.m in Sources */ = {isa = PBXBuildFile; fileRef = 7A4716CB2445520E0030E246 /* AppDelegate.m */; };
		7A4716CF2445520E0030E246 /* SceneDelegate.m in Sources */ = {isa = PBXBuildFile; fileRef = 7A4716CE2445520E0030E246 /* SceneDelegate.m */; };
		7A4716D22445520E0030E246 /* ViewController.m in Sources */ = {isa = PBXBuildFile; fileRef = 7A4716D12445520E0030E246 /* ViewController.m */; };
		7A4716D52445520E0030E246 /* Main.storyboard in Resources */ = {isa = PBXBuildFile; fileRef = 7A4716D32445520E0030E246 /* Main.storyboard */; };
		7A4716D72445520F0030E246 /* Assets.xcassets in Resources */ = {isa = PBXBuildFile; fileRef = 7A4716D62445520F0030E246 /* Assets.xcassets */; };
		7A4716DA2445520F0030E246 /* LaunchScreen.storyboard in Resources */ = {isa = PBXBuildFile; fileRef = 7A4716D82445520F0030E246 /* LaunchScreen.storyboard */; };
		7A4716DD2445520F0030E246 /* main.m in Sources */ = {isa = PBXBuildFile; fileRef = 7A4716DC2445520F0030E246 /* main.m */; };
		7A4716ED2445528F0030E246 /* CCPagerView.m in Sources */ = {isa = PBXBuildFile; fileRef = 7A4716E52445528F0030E246 /* CCPagerView.m */; };
		7A4716EE2445528F0030E246 /* CCPagerViewDefaultCell.m in Sources */ = {isa = PBXBuildFile; fileRef = 7A4716E62445528F0030E246 /* CCPagerViewDefaultCell.m */; };
		7A4716EF2445528F0030E246 /* CCPageControl.m in Sources */ = {isa = PBXBuildFile; fileRef = 7A4716E72445528F0030E246 /* CCPageControl.m */; };
		7A4717032445576D0030E246 /* CustomCell.m in Sources */ = {isa = PBXBuildFile; fileRef = 7A4717022445576D0030E246 /* CustomCell.m */; };
		7A4717062445616F0030E246 /* pagerViewContainerCollectionView.m in Sources */ = {isa = PBXBuildFile; fileRef = 7A4717052445616F0030E246 /* pagerViewContainerCollectionView.m */; };
/* End PBXBuildFile section */

/* Begin PBXFileReference section */
		7A4716C72445520E0030E246 /* CCPagerViewDemo.app */ = {isa = PBXFileReference; explicitFileType = wrapper.application; includeInIndex = 0; path = CCPagerViewDemo.app; sourceTree = BUILT_PRODUCTS_DIR; };
		7A4716CA2445520E0030E246 /* AppDelegate.h */ = {isa = PBXFileReference; lastKnownFileType = sourcecode.c.h; path = AppDelegate.h; sourceTree = "<group>"; };
		7A4716CB2445520E0030E246 /* AppDelegate.m */ = {isa = PBXFileReference; lastKnownFileType = sourcecode.c.objc; path = AppDelegate.m; sourceTree = "<group>"; };
		7A4716CD2445520E0030E246 /* SceneDelegate.h */ = {isa = PBXFileReference; lastKnownFileType = sourcecode.c.h; path = SceneDelegate.h; sourceTree = "<group>"; };
		7A4716CE2445520E0030E246 /* SceneDelegate.m */ = {isa = PBXFileReference; lastKnownFileType = sourcecode.c.objc; path = SceneDelegate.m; sourceTree = "<group>"; };
		7A4716D02445520E0030E246 /* ViewController.h */ = {isa = PBXFileReference; lastKnownFileType = sourcecode.c.h; path = ViewController.h; sourceTree = "<group>"; };
		7A4716D12445520E0030E246 /* ViewController.m */ = {isa = PBXFileReference; lastKnownFileType = sourcecode.c.objc; path = ViewController.m; sourceTree = "<group>"; };
		7A4716D42445520E0030E246 /* Base */ = {isa = PBXFileReference; lastKnownFileType = file.storyboard; name = Base; path = Base.lproj/Main.storyboard; sourceTree = "<group>"; };
		7A4716D62445520F0030E246 /* Assets.xcassets */ = {isa = PBXFileReference; lastKnownFileType = folder.assetcatalog; path = Assets.xcassets; sourceTree = "<group>"; };
		7A4716D92445520F0030E246 /* Base */ = {isa = PBXFileReference; lastKnownFileType = file.storyboard; name = Base; path = Base.lproj/LaunchScreen.storyboard; sourceTree = "<group>"; };
		7A4716DB2445520F0030E246 /* Info.plist */ = {isa = PBXFileReference; lastKnownFileType = text.plist.xml; path = Info.plist; sourceTree = "<group>"; };
		7A4716DC2445520F0030E246 /* main.m */ = {isa = PBXFileReference; lastKnownFileType = sourcecode.c.objc; path = main.m; sourceTree = "<group>"; };
		7A4716E52445528F0030E246 /* CCPagerView.m */ = {isa = PBXFileReference; fileEncoding = 4; lastKnownFileType = sourcecode.c.objc; path = CCPagerView.m; sourceTree = "<group>"; };
		7A4716E62445528F0030E246 /* CCPagerViewDefaultCell.m */ = {isa = PBXFileReference; fileEncoding = 4; lastKnownFileType = sourcecode.c.objc; path = CCPagerViewDefaultCell.m; sourceTree = "<group>"; };
		7A4716E72445528F0030E246 /* CCPageControl.m */ = {isa = PBXFileReference; fileEncoding = 4; lastKnownFileType = sourcecode.c.objc; path = CCPageControl.m; sourceTree = "<group>"; };
		7A4716E82445528F0030E246 /* CCPagerView.h */ = {isa = PBXFileReference; fileEncoding = 4; lastKnownFileType = sourcecode.c.h; path = CCPagerView.h; sourceTree = "<group>"; };
		7A4716EA2445528F0030E246 /* CCPagerViewDefaultCell.h */ = {isa = PBXFileReference; fileEncoding = 4; lastKnownFileType = sourcecode.c.h; path = CCPagerViewDefaultCell.h; sourceTree = "<group>"; };
		7A4716EB2445528F0030E246 /* CCPageControl.h */ = {isa = PBXFileReference; fileEncoding = 4; lastKnownFileType = sourcecode.c.h; path = CCPageControl.h; sourceTree = "<group>"; };
		7A4717012445576D0030E246 /* CustomCell.h */ = {isa = PBXFileReference; lastKnownFileType = sourcecode.c.h; path = CustomCell.h; sourceTree = "<group>"; };
		7A4717022445576D0030E246 /* CustomCell.m */ = {isa = PBXFileReference; lastKnownFileType = sourcecode.c.objc; path = CustomCell.m; sourceTree = "<group>"; };
		7A4717042445616F0030E246 /* pagerViewContainerCollectionView.h */ = {isa = PBXFileReference; lastKnownFileType = sourcecode.c.h; path = pagerViewContainerCollectionView.h; sourceTree = "<group>"; };
		7A4717052445616F0030E246 /* pagerViewContainerCollectionView.m */ = {isa = PBXFileReference; lastKnownFileType = sourcecode.c.objc; path = pagerViewContainerCollectionView.m; sourceTree = "<group>"; };
/* End PBXFileReference section */

/* Begin PBXFrameworksBuildPhase section */
		7A4716C42445520E0030E246 /* Frameworks */ = {
			isa = PBXFrameworksBuildPhase;
			buildActionMask = 2147483647;
			files = (
			);
			runOnlyForDeploymentPostprocessing = 0;
		};
/* End PBXFrameworksBuildPhase section */

/* Begin PBXGroup section */
		7A4716BE2445520E0030E246 = {
			isa = PBXGroup;
			children = (
				7A4716C92445520E0030E246 /* CCPagerViewDemo */,
				7A4716C82445520E0030E246 /* Products */,
			);
			sourceTree = "<group>";
		};
		7A4716C82445520E0030E246 /* Products */ = {
			isa = PBXGroup;
			children = (
				7A4716C72445520E0030E246 /* CCPagerViewDemo.app */,
			);
			name = Products;
			sourceTree = "<group>";
		};
		7A4716C92445520E0030E246 /* CCPagerViewDemo */ = {
			isa = PBXGroup;
			children = (
				7A471707244564710030E246 /* DemoCell */,
				7A4716E32445528F0030E246 /* CCPagerView */,
				7A4716CA2445520E0030E246 /* AppDelegate.h */,
				7A4716CB2445520E0030E246 /* AppDelegate.m */,
				7A4716CD2445520E0030E246 /* SceneDelegate.h */,
				7A4716CE2445520E0030E246 /* SceneDelegate.m */,
				7A4716D02445520E0030E246 /* ViewController.h */,
				7A4716D12445520E0030E246 /* ViewController.m */,
				7A4716D32445520E0030E246 /* Main.storyboard */,
				7A4716D62445520F0030E246 /* Assets.xcassets */,
				7A4716D82445520F0030E246 /* LaunchScreen.storyboard */,
				7A4716DB2445520F0030E246 /* Info.plist */,
				7A4716DC2445520F0030E246 /* main.m */,
			);
			path = CCPagerViewDemo;
			sourceTree = "<group>";
		};
		7A4716E32445528F0030E246 /* CCPagerView */ = {
			isa = PBXGroup;
			children = (
				7A4716E82445528F0030E246 /* CCPagerView.h */,
				7A4716E52445528F0030E246 /* CCPagerView.m */,
				7A4716EA2445528F0030E246 /* CCPagerViewDefaultCell.h */,
				7A4716E62445528F0030E246 /* CCPagerViewDefaultCell.m */,
				7A4716EB2445528F0030E246 /* CCPageControl.h */,
				7A4716E72445528F0030E246 /* CCPageControl.m */,
			);
			path = CCPagerView;
			sourceTree = "<group>";
		};
		7A471707244564710030E246 /* DemoCell */ = {
			isa = PBXGroup;
			children = (
				7A4717012445576D0030E246 /* CustomCell.h */,
				7A4717022445576D0030E246 /* CustomCell.m */,
				7A4717042445616F0030E246 /* pagerViewContainerCollectionView.h */,
				7A4717052445616F0030E246 /* pagerViewContainerCollectionView.m */,
			);
			path = DemoCell;
			sourceTree = "<group>";
		};
/* End PBXGroup section */

/* Begin PBXNativeTarget section */
		7A4716C62445520E0030E246 /* CCPagerViewDemo */ = {
			isa = PBXNativeTarget;
			buildConfigurationList = 7A4716E02445520F0030E246 /* Build configuration list for PBXNativeTarget "CCPagerViewDemo" */;
			buildPhases = (
				7A4716C32445520E0030E246 /* Sources */,
				7A4716C42445520E0030E246 /* Frameworks */,
				7A4716C52445520E0030E246 /* Resources */,
			);
			buildRules = (
			);
			dependencies = (
			);
			name = CCPagerViewDemo;
			productName = CCPagerViewDemo;
			productReference = 7A4716C72445520E0030E246 /* CCPagerViewDemo.app */;
			productType = "com.apple.product-type.application";
		};
/* End PBXNativeTarget section */

/* Begin PBXProject section */
		7A4716BF2445520E0030E246 /* Project object */ = {
			isa = PBXProject;
			attributes = {
				LastUpgradeCheck = 1140;
				ORGANIZATIONNAME = "彭长城";
				TargetAttributes = {
					7A4716C62445520E0030E246 = {
						CreatedOnToolsVersion = 11.4;
					};
				};
			};
			buildConfigurationList = 7A4716C22445520E0030E246 /* Build configuration list for PBXProject "CCPagerViewDemo" */;
			compatibilityVersion = "Xcode 9.3";
			developmentRegion = en;
			hasScannedForEncodings = 0;
			knownRegions = (
				en,
				Base,
			);
			mainGroup = 7A4716BE2445520E0030E246;
			productRefGroup = 7A4716C82445520E0030E246 /* Products */;
			projectDirPath = "";
			projectRoot = "";
			targets = (
				7A4716C62445520E0030E246 /* CCPagerViewDemo */,
			);
		};
/* End PBXProject section */

/* Begin PBXResourcesBuildPhase section */
		7A4716C52445520E0030E246 /* Resources */ = {
			isa = PBXResourcesBuildPhase;
			buildActionMask = 2147483647;
			files = (
				7A4716DA2445520F0030E246 /* LaunchScreen.storyboard in Resources */,
				7A4716D72445520F0030E246 /* Assets.xcassets in Resources */,
				7A4716D52445520E0030E246 /* Main.storyboard in Resources */,
			);
			runOnlyForDeploymentPostprocessing = 0;
		};
/* End PBXResourcesBuildPhase section */

/* Begin PBXSourcesBuildPhase section */
		7A4716C32445520E0030E246 /* Sources */ = {
			isa = PBXSourcesBuildPhase;
			buildActionMask = 2147483647;
			files = (
				7A4716EE2445528F0030E246 /* CCPagerViewDefaultCell.m in Sources */,
				7A4716D22445520E0030E246 /* ViewController.m in Sources */,
				7A4717062445616F0030E246 /* pagerViewContainerCollectionView.m in Sources */,
				7A4716CC2445520E0030E246 /* AppDelegate.m in Sources */,
				7A4717032445576D0030E246 /* CustomCell.m in Sources */,
				7A4716DD2445520F0030E246 /* main.m in Sources */,
				7A4716ED2445528F0030E246 /* CCPagerView.m in Sources */,
				7A4716EF2445528F0030E246 /* CCPageControl.m in Sources */,
				7A4716CF2445520E0030E246 /* SceneDelegate.m in Sources */,
			);
			runOnlyForDeploymentPostprocessing = 0;
		};
/* End PBXSourcesBuildPhase section */

/* Begin PBXVariantGroup section */
		7A4716D32445520E0030E246 /* Main.storyboard */ = {
			isa = PBXVariantGroup;
			children = (
				7A4716D42445520E0030E246 /* Base */,
			);
			name = Main.storyboard;
			sourceTree = "<group>";
		};
		7A4716D82445520F0030E246 /* LaunchScreen.storyboard */ = {
			isa = PBXVariantGroup;
			children = (
				7A4716D92445520F0030E246 /* Base */,
			);
			name = LaunchScreen.storyboard;
			sourceTree = "<group>";
		};
/* End PBXVariantGroup section */

/* Begin XCBuildConfiguration section */
		7A4716DE2445520F0030E246 /* Debug */ = {
			isa = XCBuildConfiguration;
			buildSettings = {
				ALWAYS_SEARCH_USER_PATHS = NO;
				CLANG_ANALYZER_NONNULL = YES;
				CLANG_ANALYZER_NUMBER_OBJECT_CONVERSION = YES_AGGRESSIVE;
				CLANG_CXX_LANGUAGE_STANDARD = "gnu++14";
				CLANG_CXX_LIBRARY = "libc++";
				CLANG_ENABLE_MODULES = YES;
				CLANG_ENABLE_OBJC_ARC = YES;
				CLANG_ENABLE_OBJC_WEAK = YES;
				CLANG_WARN_BLOCK_CAPTURE_AUTORELEASING = YES;
				CLANG_WARN_BOOL_CONVERSION = YES;
				CLANG_WARN_COMMA = YES;
				CLANG_WARN_CONSTANT_CONVERSION = YES;
				CLANG_WARN_DEPRECATED_OBJC_IMPLEMENTATIONS = YES;
				CLANG_WARN_DIRECT_OBJC_ISA_USAGE = YES_ERROR;
				CLANG_WARN_DOCUMENTATION_COMMENTS = YES;
				CLANG_WARN_EMPTY_BODY = YES;
				CLANG_WARN_ENUM_CONVERSION = YES;
				CLANG_WARN_INFINITE_RECURSION = YES;
				CLANG_WARN_INT_CONVERSION = YES;
				CLANG_WARN_NON_LITERAL_NULL_CONVERSION = YES;
				CLANG_WARN_OBJC_IMPLICIT_RETAIN_SELF = YES;
				CLANG_WARN_OBJC_LITERAL_CONVERSION = YES;
				CLANG_WARN_OBJC_ROOT_CLASS = YES_ERROR;
				CLANG_WARN_RANGE_LOOP_ANALYSIS = YES;
				CLANG_WARN_STRICT_PROTOTYPES = YES;
				CLANG_WARN_SUSPICIOUS_MOVE = YES;
				CLANG_WARN_UNGUARDED_AVAILABILITY = YES_AGGRESSIVE;
				CLANG_WARN_UNREACHABLE_CODE = YES;
				CLANG_WARN__DUPLICATE_METHOD_MATCH = YES;
				COPY_PHASE_STRIP = NO;
				DEBUG_INFORMATION_FORMAT = dwarf;
				ENABLE_STRICT_OBJC_MSGSEND = YES;
				ENABLE_TESTABILITY = YES;
				GCC_C_LANGUAGE_STANDARD = gnu11;
				GCC_DYNAMIC_NO_PIC = NO;
				GCC_NO_COMMON_BLOCKS = YES;
				GCC_OPTIMIZATION_LEVEL = 0;
				GCC_PREPROCESSOR_DEFINITIONS = (
					"DEBUG=1",
					"$(inherited)",
				);
				GCC_WARN_64_TO_32_BIT_CONVERSION = YES;
				GCC_WARN_ABOUT_RETURN_TYPE = YES_ERROR;
				GCC_WARN_UNDECLARED_SELECTOR = YES;
				GCC_WARN_UNINITIALIZED_AUTOS = YES_AGGRESSIVE;
				GCC_WARN_UNUSED_FUNCTION = YES;
				GCC_WARN_UNUSED_VARIABLE = YES;
				IPHONEOS_DEPLOYMENT_TARGET = 13.4;
				MTL_ENABLE_DEBUG_INFO = INCLUDE_SOURCE;
				MTL_FAST_MATH = YES;
				ONLY_ACTIVE_ARCH = YES;
				SDKROOT = iphoneos;
			};
			name = Debug;
		};
		7A4716DF2445520F0030E246 /* Release */ = {
			isa = XCBuildConfiguration;
			buildSettings = {
				ALWAYS_SEARCH_USER_PATHS = NO;
				CLANG_ANALYZER_NONNULL = YES;
				CLANG_ANALYZER_NUMBER_OBJECT_CONVERSION = YES_AGGRESSIVE;
				CLANG_CXX_LANGUAGE_STANDARD = "gnu++14";
				CLANG_CXX_LIBRARY = "libc++";
				CLANG_ENABLE_MODULES = YES;
				CLANG_ENABLE_OBJC_ARC = YES;
				CLANG_ENABLE_OBJC_WEAK = YES;
				CLANG_WARN_BLOCK_CAPTURE_AUTORELEASING = YES;
				CLANG_WARN_BOOL_CONVERSION = YES;
				CLANG_WARN_COMMA = YES;
				CLANG_WARN_CONSTANT_CONVERSION = YES;
				CLANG_WARN_DEPRECATED_OBJC_IMPLEMENTATIONS = YES;
				CLANG_WARN_DIRECT_OBJC_ISA_USAGE = YES_ERROR;
				CLANG_WARN_DOCUMENTATION_COMMENTS = YES;
				CLANG_WARN_EMPTY_BODY = YES;
				CLANG_WARN_ENUM_CONVERSION = YES;
				CLANG_WARN_INFINITE_RECURSION = YES;
				CLANG_WARN_INT_CONVERSION = YES;
				CLANG_WARN_NON_LITERAL_NULL_CONVERSION = YES;
				CLANG_WARN_OBJC_IMPLICIT_RETAIN_SELF = YES;
				CLANG_WARN_OBJC_LITERAL_CONVERSION = YES;
				CLANG_WARN_OBJC_ROOT_CLASS = YES_ERROR;
				CLANG_WARN_RANGE_LOOP_ANALYSIS = YES;
				CLANG_WARN_STRICT_PROTOTYPES = YES;
				CLANG_WARN_SUSPICIOUS_MOVE = YES;
				CLANG_WARN_UNGUARDED_AVAILABILITY = YES_AGGRESSIVE;
				CLANG_WARN_UNREACHABLE_CODE = YES;
				CLANG_WARN__DUPLICATE_METHOD_MATCH = YES;
				COPY_PHASE_STRIP = NO;
				DEBUG_INFORMATION_FORMAT = "dwarf-with-dsym";
				ENABLE_NS_ASSERTIONS = NO;
				ENABLE_STRICT_OBJC_MSGSEND = YES;
				GCC_C_LANGUAGE_STANDARD = gnu11;
				GCC_NO_COMMON_BLOCKS = YES;
				GCC_WARN_64_TO_32_BIT_CONVERSION = YES;
				GCC_WARN_ABOUT_RETURN_TYPE = YES_ERROR;
				GCC_WARN_UNDECLARED_SELECTOR = YES;
				GCC_WARN_UNINITIALIZED_AUTOS = YES_AGGRESSIVE;
				GCC_WARN_UNUSED_FUNCTION = YES;
				GCC_WARN_UNUSED_VARIABLE = YES;
				IPHONEOS_DEPLOYMENT_TARGET = 13.4;
				MTL_ENABLE_DEBUG_INFO = NO;
				MTL_FAST_MATH = YES;
				SDKROOT = iphoneos;
				VALIDATE_PRODUCT = YES;
			};
			name = Release;
		};
		7A4716E12445520F0030E246 /* Debug */ = {
			isa = XCBuildConfiguration;
			buildSettings = {
				ASSETCATALOG_COMPILER_APPICON_NAME = AppIcon;
				CODE_SIGN_STYLE = Automatic;
				INFOPLIST_FILE = CCPagerViewDemo/Info.plist;
				LD_RUNPATH_SEARCH_PATHS = (
					"$(inherited)",
					"@executable_path/Frameworks",
				);
				PRODUCT_BUNDLE_IDENTIFIER = hust.cc.CCPagerViewDemo;
				PRODUCT_NAME = "$(TARGET_NAME)";
				TARGETED_DEVICE_FAMILY = "1,2";
			};
			name = Debug;
		};
		7A4716E22445520F0030E246 /* Release */ = {
			isa = XCBuildConfiguration;
			buildSettings = {
				ASSETCATALOG_COMPILER_APPICON_NAME = AppIcon;
				CODE_SIGN_STYLE = Automatic;
				INFOPLIST_FILE = CCPagerViewDemo/Info.plist;
				LD_RUNPATH_SEARCH_PATHS = (
					"$(inherited)",
					"@executable_path/Frameworks",
				);
				PRODUCT_BUNDLE_IDENTIFIER = hust.cc.CCPagerViewDemo;
				PRODUCT_NAME = "$(TARGET_NAME)";
				TARGETED_DEVICE_FAMILY = "1,2";
			};
			name = Release;
		};
/* End XCBuildConfiguration section */

/* Begin XCConfigurationList section */
		7A4716C22445520E0030E246 /* Build configuration list for PBXProject "CCPagerViewDemo" */ = {
			isa = XCConfigurationList;
			buildConfigurations = (
				7A4716DE2445520F0030E246 /* Debug */,
				7A4716DF2445520F0030E246 /* Release */,
			);
			defaultConfigurationIsVisible = 0;
			defaultConfigurationName = Release;
		};
		7A4716E02445520F0030E246 /* Build configuration list for PBXNativeTarget "CCPagerViewDemo" */ = {
			isa = XCConfigurationList;
			buildConfigurations = (
				7A4716E12445520F0030E246 /* Debug */,
				7A4716E22445520F0030E246 /* Release */,
			);
			defaultConfigurationIsVisible = 0;
			defaultConfigurationName = Release;
		};
/* End XCConfigurationList section */
	};
	rootObject = 7A4716BF2445520E0030E246 /* Project object */;
}
